
Microsoft Visual Studio Solution File, Format Version 12.00
# Visual Studio Version 16
VisualStudioVersion = 16.0.31729.503
MinimumVisualStudioVersion = 10.0.40219.1
Project("{FAE04EC0-301F-11D3-BF4B-00C04F79EFBC}") = "while ve do while", "while ve do while\while ve do while.csproj", "{62C62BE4-117B-4CCF-8F51-322067D4DAE6}"
EndProject
Global
	GlobalSection(SolutionConfigurationPlatforms) = preSolution
		Debug|Any CPU = Debug|Any CPU
		Release|Any CPU = Release|Any CPU
	EndGlobalSection
	GlobalSection(ProjectConfigurationPlatforms) = postSolution
		{62C62BE4-117B-4CCF-8F51-322067D4DAE6}.Debug|Any CPU.ActiveCfg = Debug|Any CPU
		{62C62BE4-117B-4CCF-8F51-322067D4DAE6}.Debug|Any CPU.Build.0 = Debug|Any CPU
		{62C62BE4-117B-4CCF-8F51-322067D4DAE6}.Release|Any CPU.ActiveCfg = Release|Any CPU
		{62C62BE4-117B-4CCF-8F51-322067D4DAE6}.Release|Any CPU.Build.0 = Release|Any CPU
	EndGlobalSection
	GlobalSection(SolutionProperties) = preSolution
		HideSolutionNode = FALSE
	EndGlobalSection
	GlobalSection(ExtensibilityGlobals) = postSolution
		SolutionGuid = {09F5200E-1B94-4BEB-B3AC-64C116F24C88}
	EndGlobalSection
EndGlobal
