
Microsoft Visual Studio Solution File, Format Version 12.00
# Visual Studio Version 16
VisualStudioVersion = 16.0.31729.503
MinimumVisualStudioVersion = 10.0.40219.1
Project("{FAE04EC0-301F-11D3-BF4B-00C04F79EFBC}") = "char değişken", "char değişken\char değişken.csproj", "{DF4870EE-3836-430E-80CD-2007B19EA35A}"
EndProject
Global
	GlobalSection(SolutionConfigurationPlatforms) = preSolution
		Debug|Any CPU = Debug|Any CPU
		Release|Any CPU = Release|Any CPU
	EndGlobalSection
	GlobalSection(ProjectConfigurationPlatforms) = postSolution
		{DF4870EE-3836-430E-80CD-2007B19EA35A}.Debug|Any CPU.ActiveCfg = Debug|Any CPU
		{DF4870EE-3836-430E-80CD-2007B19EA35A}.Debug|Any CPU.Build.0 = Debug|Any CPU
		{DF4870EE-3836-430E-80CD-2007B19EA35A}.Release|Any CPU.ActiveCfg = Release|Any CPU
		{DF4870EE-3836-430E-80CD-2007B19EA35A}.Release|Any CPU.Build.0 = Release|Any CPU
	EndGlobalSection
	GlobalSection(SolutionProperties) = preSolution
		HideSolutionNode = FALSE
	EndGlobalSection
	GlobalSection(ExtensibilityGlobals) = postSolution
		SolutionGuid = {77E25A91-4D7F-4BD6-9974-1F370EF8CC0A}
	EndGlobalSection
EndGlobal
