
Microsoft Visual Studio Solution File, Format Version 12.00
# Visual Studio Version 16
VisualStudioVersion = 16.0.31729.503
MinimumVisualStudioVersion = 10.0.40219.1
Project("{FAE04EC0-301F-11D3-BF4B-00C04F79EFBC}") = "sinema büfe satış uygulaması", "sinema büfe satış uygulaması\sinema büfe satış uygulaması.csproj", "{3D8D1D4E-D636-41DC-B732-9E1A9008A1F1}"
EndProject
Global
	GlobalSection(SolutionConfigurationPlatforms) = preSolution
		Debug|Any CPU = Debug|Any CPU
		Release|Any CPU = Release|Any CPU
	EndGlobalSection
	GlobalSection(ProjectConfigurationPlatforms) = postSolution
		{3D8D1D4E-D636-41DC-B732-9E1A9008A1F1}.Debug|Any CPU.ActiveCfg = Debug|Any CPU
		{3D8D1D4E-D636-41DC-B732-9E1A9008A1F1}.Debug|Any CPU.Build.0 = Debug|Any CPU
		{3D8D1D4E-D636-41DC-B732-9E1A9008A1F1}.Release|Any CPU.ActiveCfg = Release|Any CPU
		{3D8D1D4E-D636-41DC-B732-9E1A9008A1F1}.Release|Any CPU.Build.0 = Release|Any CPU
	EndGlobalSection
	GlobalSection(SolutionProperties) = preSolution
		HideSolutionNode = FALSE
	EndGlobalSection
	GlobalSection(ExtensibilityGlobals) = postSolution
		SolutionGuid = {DD5C3579-704B-4DED-8F73-AF082BDE544E}
	EndGlobalSection
EndGlobal
