
Microsoft Visual Studio Solution File, Format Version 12.00
# Visual Studio Version 16
VisualStudioVersion = 16.0.31729.503
MinimumVisualStudioVersion = 10.0.40219.1
Project("{FAE04EC0-301F-11D3-BF4B-00C04F79EFBC}") = "dosya_klasör işlemleri", "dosya_klasör işlemleri\dosya_klasör işlemleri.csproj", "{4FC0D4E9-11A7-4FC8-8CFC-CD7B5A03AF96}"
EndProject
Global
	GlobalSection(SolutionConfigurationPlatforms) = preSolution
		Debug|Any CPU = Debug|Any CPU
		Release|Any CPU = Release|Any CPU
	EndGlobalSection
	GlobalSection(ProjectConfigurationPlatforms) = postSolution
		{4FC0D4E9-11A7-4FC8-8CFC-CD7B5A03AF96}.Debug|Any CPU.ActiveCfg = Debug|Any CPU
		{4FC0D4E9-11A7-4FC8-8CFC-CD7B5A03AF96}.Debug|Any CPU.Build.0 = Debug|Any CPU
		{4FC0D4E9-11A7-4FC8-8CFC-CD7B5A03AF96}.Release|Any CPU.ActiveCfg = Release|Any CPU
		{4FC0D4E9-11A7-4FC8-8CFC-CD7B5A03AF96}.Release|Any CPU.Build.0 = Release|Any CPU
	EndGlobalSection
	GlobalSection(SolutionProperties) = preSolution
		HideSolutionNode = FALSE
	EndGlobalSection
	GlobalSection(ExtensibilityGlobals) = postSolution
		SolutionGuid = {B7757034-42AC-4529-A174-6587F99C2612}
	EndGlobalSection
EndGlobal
