
Microsoft Visual Studio Solution File, Format Version 12.00
# Visual Studio Version 16
VisualStudioVersion = 16.0.31729.503
MinimumVisualStudioVersion = 10.0.40219.1
Project("{FAE04EC0-301F-11D3-BF4B-00C04F79EFBC}") = "sınıf(class)", "sınıf(class)\sınıf(class).csproj", "{BB2A6938-2CCE-4FB0-82FC-CF94360BDE75}"
EndProject
Global
	GlobalSection(SolutionConfigurationPlatforms) = preSolution
		Debug|Any CPU = Debug|Any CPU
		Release|Any CPU = Release|Any CPU
	EndGlobalSection
	GlobalSection(ProjectConfigurationPlatforms) = postSolution
		{BB2A6938-2CCE-4FB0-82FC-CF94360BDE75}.Debug|Any CPU.ActiveCfg = Debug|Any CPU
		{BB2A6938-2CCE-4FB0-82FC-CF94360BDE75}.Debug|Any CPU.Build.0 = Debug|Any CPU
		{BB2A6938-2CCE-4FB0-82FC-CF94360BDE75}.Release|Any CPU.ActiveCfg = Release|Any CPU
		{BB2A6938-2CCE-4FB0-82FC-CF94360BDE75}.Release|Any CPU.Build.0 = Release|Any CPU
	EndGlobalSection
	GlobalSection(SolutionProperties) = preSolution
		HideSolutionNode = FALSE
	EndGlobalSection
	GlobalSection(ExtensibilityGlobals) = postSolution
		SolutionGuid = {A45D1BD6-764D-482B-B58A-8706537CDBFC}
	EndGlobalSection
EndGlobal
