
Microsoft Visual Studio Solution File, Format Version 12.00
# Visual Studio Version 16
VisualStudioVersion = 16.0.31729.503
MinimumVisualStudioVersion = 10.0.40219.1
Project("{FAE04EC0-301F-11D3-BF4B-00C04F79EFBC}") = "point yapısı", "point yapısı\point yapısı.csproj", "{0E116281-8AD4-40DE-8531-14CE1F2B81FB}"
EndProject
Global
	GlobalSection(SolutionConfigurationPlatforms) = preSolution
		Debug|Any CPU = Debug|Any CPU
		Release|Any CPU = Release|Any CPU
	EndGlobalSection
	GlobalSection(ProjectConfigurationPlatforms) = postSolution
		{0E116281-8AD4-40DE-8531-14CE1F2B81FB}.Debug|Any CPU.ActiveCfg = Debug|Any CPU
		{0E116281-8AD4-40DE-8531-14CE1F2B81FB}.Debug|Any CPU.Build.0 = Debug|Any CPU
		{0E116281-8AD4-40DE-8531-14CE1F2B81FB}.Release|Any CPU.ActiveCfg = Release|Any CPU
		{0E116281-8AD4-40DE-8531-14CE1F2B81FB}.Release|Any CPU.Build.0 = Release|Any CPU
	EndGlobalSection
	GlobalSection(SolutionProperties) = preSolution
		HideSolutionNode = FALSE
	EndGlobalSection
	GlobalSection(ExtensibilityGlobals) = postSolution
		SolutionGuid = {CBE8ECDB-F738-49BF-95F8-FD96078A36D5}
	EndGlobalSection
EndGlobal
