
Microsoft Visual Studio Solution File, Format Version 12.00
# Visual Studio Version 16
VisualStudioVersion = 16.0.31729.503
MinimumVisualStudioVersion = 10.0.40219.1
Project("{FAE04EC0-301F-11D3-BF4B-00C04F79EFBC}") = "alışveriş indirim tutar hesaplam", "alışveriş indirim tutar hesaplam\alışveriş indirim tutar hesaplam.csproj", "{FE46ED63-5930-483E-81AF-CD9E41D28148}"
EndProject
Global
	GlobalSection(SolutionConfigurationPlatforms) = preSolution
		Debug|Any CPU = Debug|Any CPU
		Release|Any CPU = Release|Any CPU
	EndGlobalSection
	GlobalSection(ProjectConfigurationPlatforms) = postSolution
		{FE46ED63-5930-483E-81AF-CD9E41D28148}.Debug|Any CPU.ActiveCfg = Debug|Any CPU
		{FE46ED63-5930-483E-81AF-CD9E41D28148}.Debug|Any CPU.Build.0 = Debug|Any CPU
		{FE46ED63-5930-483E-81AF-CD9E41D28148}.Release|Any CPU.ActiveCfg = Release|Any CPU
		{FE46ED63-5930-483E-81AF-CD9E41D28148}.Release|Any CPU.Build.0 = Release|Any CPU
	EndGlobalSection
	GlobalSection(SolutionProperties) = preSolution
		HideSolutionNode = FALSE
	EndGlobalSection
	GlobalSection(ExtensibilityGlobals) = postSolution
		SolutionGuid = {7B29095A-4EE6-44D2-8300-E90154F0DBF6}
	EndGlobalSection
EndGlobal
