
Microsoft Visual Studio Solution File, Format Version 12.00
# Visual Studio Version 16
VisualStudioVersion = 16.0.31729.503
MinimumVisualStudioVersion = 10.0.40219.1
Project("{FAE04EC0-301F-11D3-BF4B-00C04F79EFBC}") = "enum yapısı", "enum yapısı\enum yapısı.csproj", "{F52DEBC4-AD33-49B2-A451-A5B737922364}"
EndProject
Global
	GlobalSection(SolutionConfigurationPlatforms) = preSolution
		Debug|Any CPU = Debug|Any CPU
		Release|Any CPU = Release|Any CPU
	EndGlobalSection
	GlobalSection(ProjectConfigurationPlatforms) = postSolution
		{F52DEBC4-AD33-49B2-A451-A5B737922364}.Debug|Any CPU.ActiveCfg = Debug|Any CPU
		{F52DEBC4-AD33-49B2-A451-A5B737922364}.Debug|Any CPU.Build.0 = Debug|Any CPU
		{F52DEBC4-AD33-49B2-A451-A5B737922364}.Release|Any CPU.ActiveCfg = Release|Any CPU
		{F52DEBC4-AD33-49B2-A451-A5B737922364}.Release|Any CPU.Build.0 = Release|Any CPU
	EndGlobalSection
	GlobalSection(SolutionProperties) = preSolution
		HideSolutionNode = FALSE
	EndGlobalSection
	GlobalSection(ExtensibilityGlobals) = postSolution
		SolutionGuid = {C1874DA7-BA2D-483B-A73B-97156B7275E8}
	EndGlobalSection
EndGlobal
