
Microsoft Visual Studio Solution File, Format Version 12.00
# Visual Studio Version 16
VisualStudioVersion = 16.0.31729.503
MinimumVisualStudioVersion = 10.0.40219.1
Project("{FAE04EC0-301F-11D3-BF4B-00C04F79EFBC}") = "constructor(yapıcı) metot", "constructor(yapıcı) metot\constructor(yapıcı) metot.csproj", "{14F43294-6B32-4673-A123-8B97DDB96D79}"
EndProject
Global
	GlobalSection(SolutionConfigurationPlatforms) = preSolution
		Debug|Any CPU = Debug|Any CPU
		Release|Any CPU = Release|Any CPU
	EndGlobalSection
	GlobalSection(ProjectConfigurationPlatforms) = postSolution
		{14F43294-6B32-4673-A123-8B97DDB96D79}.Debug|Any CPU.ActiveCfg = Debug|Any CPU
		{14F43294-6B32-4673-A123-8B97DDB96D79}.Debug|Any CPU.Build.0 = Debug|Any CPU
		{14F43294-6B32-4673-A123-8B97DDB96D79}.Release|Any CPU.ActiveCfg = Release|Any CPU
		{14F43294-6B32-4673-A123-8B97DDB96D79}.Release|Any CPU.Build.0 = Release|Any CPU
	EndGlobalSection
	GlobalSection(SolutionProperties) = preSolution
		HideSolutionNode = FALSE
	EndGlobalSection
	GlobalSection(ExtensibilityGlobals) = postSolution
		SolutionGuid = {099D85D3-4712-43EB-9F7A-138723DA3857}
	EndGlobalSection
EndGlobal
