
Microsoft Visual Studio Solution File, Format Version 12.00
# Visual Studio Version 16
VisualStudioVersion = 16.0.31729.503
MinimumVisualStudioVersion = 10.0.40219.1
Project("{FAE04EC0-301F-11D3-BF4B-00C04F79EFBC}") = "matamatik fonksiyonları", "matamatik fonksiyonları\matamatik fonksiyonları.csproj", "{4A3517C0-2A38-455D-81F8-7C61DFA16A13}"
EndProject
Global
	GlobalSection(SolutionConfigurationPlatforms) = preSolution
		Debug|Any CPU = Debug|Any CPU
		Release|Any CPU = Release|Any CPU
	EndGlobalSection
	GlobalSection(ProjectConfigurationPlatforms) = postSolution
		{4A3517C0-2A38-455D-81F8-7C61DFA16A13}.Debug|Any CPU.ActiveCfg = Debug|Any CPU
		{4A3517C0-2A38-455D-81F8-7C61DFA16A13}.Debug|Any CPU.Build.0 = Debug|Any CPU
		{4A3517C0-2A38-455D-81F8-7C61DFA16A13}.Release|Any CPU.ActiveCfg = Release|Any CPU
		{4A3517C0-2A38-455D-81F8-7C61DFA16A13}.Release|Any CPU.Build.0 = Release|Any CPU
	EndGlobalSection
	GlobalSection(SolutionProperties) = preSolution
		HideSolutionNode = FALSE
	EndGlobalSection
	GlobalSection(ExtensibilityGlobals) = postSolution
		SolutionGuid = {F8D3D485-EB3F-44CB-B290-15555A4D22D6}
	EndGlobalSection
EndGlobal
