
Microsoft Visual Studio Solution File, Format Version 12.00
# Visual Studio Version 16
VisualStudioVersion = 16.0.31729.503
MinimumVisualStudioVersion = 10.0.40219.1
Project("{FAE04EC0-301F-11D3-BF4B-00C04F79EFBC}") = "WindowsFormsApp1", "WindowsFormsApp1\WindowsFormsApp1.csproj", "{638D1B8D-E419-4C6C-BEE9-A9087229FB30}"
EndProject
Global
	GlobalSection(SolutionConfigurationPlatforms) = preSolution
		Debug|Any CPU = Debug|Any CPU
		Release|Any CPU = Release|Any CPU
	EndGlobalSection
	GlobalSection(ProjectConfigurationPlatforms) = postSolution
		{638D1B8D-E419-4C6C-BEE9-A9087229FB30}.Debug|Any CPU.ActiveCfg = Debug|Any CPU
		{638D1B8D-E419-4C6C-BEE9-A9087229FB30}.Debug|Any CPU.Build.0 = Debug|Any CPU
		{638D1B8D-E419-4C6C-BEE9-A9087229FB30}.Release|Any CPU.ActiveCfg = Release|Any CPU
		{638D1B8D-E419-4C6C-BEE9-A9087229FB30}.Release|Any CPU.Build.0 = Release|Any CPU
	EndGlobalSection
	GlobalSection(SolutionProperties) = preSolution
		HideSolutionNode = FALSE
	EndGlobalSection
	GlobalSection(ExtensibilityGlobals) = postSolution
		SolutionGuid = {68A3681B-A5E7-4BBE-9128-323C0A594A3C}
	EndGlobalSection
EndGlobal
