
Microsoft Visual Studio Solution File, Format Version 12.00
# Visual Studio Version 16
VisualStudioVersion = 16.0.31729.503
MinimumVisualStudioVersion = 10.0.40219.1
Project("{FAE04EC0-301F-11D3-BF4B-00C04F79EFBC}") = "context menu strip kulanımı", "context menu strip kulanımı\context menu strip kulanımı.csproj", "{60A441D4-EE8E-484F-ADAC-D7437494B1C6}"
EndProject
Global
	GlobalSection(SolutionConfigurationPlatforms) = preSolution
		Debug|Any CPU = Debug|Any CPU
		Release|Any CPU = Release|Any CPU
	EndGlobalSection
	GlobalSection(ProjectConfigurationPlatforms) = postSolution
		{60A441D4-EE8E-484F-ADAC-D7437494B1C6}.Debug|Any CPU.ActiveCfg = Debug|Any CPU
		{60A441D4-EE8E-484F-ADAC-D7437494B1C6}.Debug|Any CPU.Build.0 = Debug|Any CPU
		{60A441D4-EE8E-484F-ADAC-D7437494B1C6}.Release|Any CPU.ActiveCfg = Release|Any CPU
		{60A441D4-EE8E-484F-ADAC-D7437494B1C6}.Release|Any CPU.Build.0 = Release|Any CPU
	EndGlobalSection
	GlobalSection(SolutionProperties) = preSolution
		HideSolutionNode = FALSE
	EndGlobalSection
	GlobalSection(ExtensibilityGlobals) = postSolution
		SolutionGuid = {9CE597F8-158F-4CD4-B291-216762F61401}
	EndGlobalSection
EndGlobal
